
Microsoft Visual Studio Solution File, Format Version 12.00
# Visual Studio Version 17
VisualStudioVersion = 17.9.34607.119
MinimumVisualStudioVersion = 10.0.40219.1
Project("{2150E333-8FDC-42A3-9474-1A3956D46DE8}") = "src", "src", "{47AF7F0E-9900-46C8-A22D-F63BF276F0A9}"
EndProject
Project("{2150E333-8FDC-42A3-9474-1A3956D46DE8}") = "samples", "samples", "{E7D2CB1A-0F1F-4858-9724-4BE58FF6D214}"
EndProject
Project("{FAE04EC0-301F-11D3-BF4B-00C04F79EFBC}") = "Drop", "samples\Drop\Drop.csproj", "{230BD8ED-93B0-45D2-8908-62974B2707A8}"
EndProject
Project("{FAE04EC0-301F-11D3-BF4B-00C04F79EFBC}") = "SharpGDX", "src\SharpGDX\SharpGDX.csproj", "{077CA554-B313-45DF-BF59-382B17113717}"
EndProject
Project("{FAE04EC0-301F-11D3-BF4B-00C04F79EFBC}") = "SharpGDX.Headless", "src\SharpGDX.Headless\SharpGDX.Headless.csproj", "{F17D6CA3-D4C4-44F8-950F-8399D736331C}"
EndProject
Project("{FAE04EC0-301F-11D3-BF4B-00C04F79EFBC}") = "SharpGDX.Desktop", "src\SharpGDX.Desktop\SharpGDX.Desktop.csproj", "{ED3FED73-8E14-4EDC-9EAD-56673811D10B}"
EndProject
Global
	GlobalSection(SolutionConfigurationPlatforms) = preSolution
		Debug|Any CPU = Debug|Any CPU
		Release|Any CPU = Release|Any CPU
	EndGlobalSection
	GlobalSection(ProjectConfigurationPlatforms) = postSolution
		{230BD8ED-93B0-45D2-8908-62974B2707A8}.Debug|Any CPU.ActiveCfg = Debug|Any CPU
		{230BD8ED-93B0-45D2-8908-62974B2707A8}.Debug|Any CPU.Build.0 = Debug|Any CPU
		{230BD8ED-93B0-45D2-8908-62974B2707A8}.Release|Any CPU.ActiveCfg = Release|Any CPU
		{230BD8ED-93B0-45D2-8908-62974B2707A8}.Release|Any CPU.Build.0 = Release|Any CPU
		{077CA554-B313-45DF-BF59-382B17113717}.Debug|Any CPU.ActiveCfg = Debug|Any CPU
		{077CA554-B313-45DF-BF59-382B17113717}.Debug|Any CPU.Build.0 = Debug|Any CPU
		{077CA554-B313-45DF-BF59-382B17113717}.Release|Any CPU.ActiveCfg = Release|Any CPU
		{077CA554-B313-45DF-BF59-382B17113717}.Release|Any CPU.Build.0 = Release|Any CPU
		{F17D6CA3-D4C4-44F8-950F-8399D736331C}.Debug|Any CPU.ActiveCfg = Debug|Any CPU
		{F17D6CA3-D4C4-44F8-950F-8399D736331C}.Debug|Any CPU.Build.0 = Debug|Any CPU
		{F17D6CA3-D4C4-44F8-950F-8399D736331C}.Release|Any CPU.ActiveCfg = Release|Any CPU
		{F17D6CA3-D4C4-44F8-950F-8399D736331C}.Release|Any CPU.Build.0 = Release|Any CPU
		{ED3FED73-8E14-4EDC-9EAD-56673811D10B}.Debug|Any CPU.ActiveCfg = Debug|Any CPU
		{ED3FED73-8E14-4EDC-9EAD-56673811D10B}.Debug|Any CPU.Build.0 = Debug|Any CPU
		{ED3FED73-8E14-4EDC-9EAD-56673811D10B}.Release|Any CPU.ActiveCfg = Release|Any CPU
		{ED3FED73-8E14-4EDC-9EAD-56673811D10B}.Release|Any CPU.Build.0 = Release|Any CPU
	EndGlobalSection
	GlobalSection(SolutionProperties) = preSolution
		HideSolutionNode = FALSE
	EndGlobalSection
	GlobalSection(NestedProjects) = preSolution
		{230BD8ED-93B0-45D2-8908-62974B2707A8} = {E7D2CB1A-0F1F-4858-9724-4BE58FF6D214}
		{077CA554-B313-45DF-BF59-382B17113717} = {47AF7F0E-9900-46C8-A22D-F63BF276F0A9}
		{F17D6CA3-D4C4-44F8-950F-8399D736331C} = {47AF7F0E-9900-46C8-A22D-F63BF276F0A9}
		{ED3FED73-8E14-4EDC-9EAD-56673811D10B} = {47AF7F0E-9900-46C8-A22D-F63BF276F0A9}
	EndGlobalSection
	GlobalSection(ExtensibilityGlobals) = postSolution
		SolutionGuid = {65DAB842-EB94-4837-AAF9-4B581F61ADCD}
	EndGlobalSection
EndGlobal
